
Microsoft Visual Studio Solution File, Format Version 12.00
# Visual Studio Version 17
VisualStudioVersion = 17.0.32014.148
MinimumVisualStudioVersion = 10.0.40219.1
Project("{FAE04EC0-301F-11D3-BF4B-00C04F79EFBC}") = "TrouveLeNombre", "TrouveLeNombre.csproj", "{4E3EA0B8-4B5E-4E67-BBAC-3F3059587A51}"
EndProject
Global
	GlobalSection(SolutionConfigurationPlatforms) = preSolution
		Debug|Any CPU = Debug|Any CPU
		Release|Any CPU = Release|Any CPU
	EndGlobalSection
	GlobalSection(ProjectConfigurationPlatforms) = postSolution
		{4E3EA0B8-4B5E-4E67-BBAC-3F3059587A51}.Debug|Any CPU.ActiveCfg = Debug|Any CPU
		{4E3EA0B8-4B5E-4E67-BBAC-3F3059587A51}.Debug|Any CPU.Build.0 = Debug|Any CPU
		{4E3EA0B8-4B5E-4E67-BBAC-3F3059587A51}.Release|Any CPU.ActiveCfg = Release|Any CPU
		{4E3EA0B8-4B5E-4E67-BBAC-3F3059587A51}.Release|Any CPU.Build.0 = Release|Any CPU
	EndGlobalSection
	GlobalSection(SolutionProperties) = preSolution
		HideSolutionNode = FALSE
	EndGlobalSection
	GlobalSection(ExtensibilityGlobals) = postSolution
		SolutionGuid = {16A7E919-F35B-4B56-A812-CD82D91078CF}
	EndGlobalSection
EndGlobal
